
Microsoft Visual Studio Solution File, Format Version 12.00
# Visual Studio Version 17
VisualStudioVersion = 17.1.32319.34
MinimumVisualStudioVersion = 10.0.40219.1
Project("{9A19103F-16F7-4668-BE54-9A1E7A4F7556}") = "EmployeeExample", "EmployeeExample\EmployeeExample.csproj", "{41583389-9EA3-454C-9135-20CA96DFB786}"
EndProject
Project("{9A19103F-16F7-4668-BE54-9A1E7A4F7556}") = "Entities", "..\Entities\Entities.csproj", "{ECBEE9DF-B783-441E-802D-EE7B26F41552}"
EndProject
Project("{9A19103F-16F7-4668-BE54-9A1E7A4F7556}") = "Data", "Data\Data.csproj", "{2FDC9BC2-0376-4118-8F3F-E7AB8785E5A7}"
EndProject
Project("{FAE04EC0-301F-11D3-BF4B-00C04F79EFBC}") = "MinimalApiEmployee", "MinimalApiEmployee\MinimalApiEmployee.csproj", "{71B53A13-95EF-456B-B421-1A033D69D08F}"
EndProject
Global
	GlobalSection(SolutionConfigurationPlatforms) = preSolution
		Debug|Any CPU = Debug|Any CPU
		Release|Any CPU = Release|Any CPU
	EndGlobalSection
	GlobalSection(ProjectConfigurationPlatforms) = postSolution
		{41583389-9EA3-454C-9135-20CA96DFB786}.Debug|Any CPU.ActiveCfg = Debug|Any CPU
		{41583389-9EA3-454C-9135-20CA96DFB786}.Debug|Any CPU.Build.0 = Debug|Any CPU
		{41583389-9EA3-454C-9135-20CA96DFB786}.Release|Any CPU.ActiveCfg = Release|Any CPU
		{41583389-9EA3-454C-9135-20CA96DFB786}.Release|Any CPU.Build.0 = Release|Any CPU
		{ECBEE9DF-B783-441E-802D-EE7B26F41552}.Debug|Any CPU.ActiveCfg = Debug|Any CPU
		{ECBEE9DF-B783-441E-802D-EE7B26F41552}.Debug|Any CPU.Build.0 = Debug|Any CPU
		{ECBEE9DF-B783-441E-802D-EE7B26F41552}.Release|Any CPU.ActiveCfg = Release|Any CPU
		{ECBEE9DF-B783-441E-802D-EE7B26F41552}.Release|Any CPU.Build.0 = Release|Any CPU
		{2FDC9BC2-0376-4118-8F3F-E7AB8785E5A7}.Debug|Any CPU.ActiveCfg = Debug|Any CPU
		{2FDC9BC2-0376-4118-8F3F-E7AB8785E5A7}.Debug|Any CPU.Build.0 = Debug|Any CPU
		{2FDC9BC2-0376-4118-8F3F-E7AB8785E5A7}.Release|Any CPU.ActiveCfg = Release|Any CPU
		{2FDC9BC2-0376-4118-8F3F-E7AB8785E5A7}.Release|Any CPU.Build.0 = Release|Any CPU
		{71B53A13-95EF-456B-B421-1A033D69D08F}.Debug|Any CPU.ActiveCfg = Debug|Any CPU
		{71B53A13-95EF-456B-B421-1A033D69D08F}.Debug|Any CPU.Build.0 = Debug|Any CPU
		{71B53A13-95EF-456B-B421-1A033D69D08F}.Release|Any CPU.ActiveCfg = Release|Any CPU
		{71B53A13-95EF-456B-B421-1A033D69D08F}.Release|Any CPU.Build.0 = Release|Any CPU
	EndGlobalSection
	GlobalSection(SolutionProperties) = preSolution
		HideSolutionNode = FALSE
	EndGlobalSection
	GlobalSection(ExtensibilityGlobals) = postSolution
		SolutionGuid = {04B28B11-9031-4B5F-87B9-96DD776CD66D}
	EndGlobalSection
EndGlobal
